
Microsoft Visual Studio Solution File, Format Version 12.00
# Visual Studio Version 17
VisualStudioVersion = 17.0.31903.59
MinimumVisualStudioVersion = 10.0.40219.1
Project("{2150E333-8FDC-42A3-9474-1A3956D46DE8}") = "src", "src", "{35A4A72D-C5A4-4437-8D0B-CE1070C1B4EE}"
EndProject
Project("{9A19103F-16F7-4668-BE54-9A1E7A4F7556}") = "QuantumSolutions.Web", "src\QuantumSolutions.Web\QuantumSolutions.Web.csproj", "{3B9FF4B0-D156-4BA2-964D-6A05F38DAEA5}"
	ProjectSection(ProjectDependencies) = postProject
		{0C1599E2-848C-44B6-8112-F9692015E363} = {0C1599E2-848C-44B6-8112-F9692015E363}
		{317D2122-3DC5-4310-9057-BD96DED2802B} = {317D2122-3DC5-4310-9057-BD96DED2802B}
		{7F4F3698-31B7-479B-BF2C-401FB38F4078} = {7F4F3698-31B7-479B-BF2C-401FB38F4078}
		{C266A1AB-1CA0-4A3C-8C51-2F7809C9D51F} = {C266A1AB-1CA0-4A3C-8C51-2F7809C9D51F}
		{C3A96069-9DE3-4F41-A7A6-B05F3CD2CB2C} = {C3A96069-9DE3-4F41-A7A6-B05F3CD2CB2C}
		{D70A67CD-2EA3-4D6E-A916-55A87C404AC6} = {D70A67CD-2EA3-4D6E-A916-55A87C404AC6}
		{DD4F7001-0CA8-4E2A-AC46-7895E9025118} = {DD4F7001-0CA8-4E2A-AC46-7895E9025118}
		{E9547F6C-0737-4273-8F0C-1EEAA26FC863} = {E9547F6C-0737-4273-8F0C-1EEAA26FC863}
		{EFEE5152-05F3-4992-93C1-787E9386512D} = {EFEE5152-05F3-4992-93C1-787E9386512D}
	EndProjectSection
EndProject
Project("{2150E333-8FDC-42A3-9474-1A3956D46DE8}") = "Modules", "Modules", "{627C5374-8F55-4205-9B7C-FDDC9952B381}"
EndProject
Project("{2150E333-8FDC-42A3-9474-1A3956D46DE8}") = "Themes", "Themes", "{FB438847-65E8-4364-B207-318C25ED95DA}"
EndProject
Project("{2150E333-8FDC-42A3-9474-1A3956D46DE8}") = "Shared", "Shared", "{3362783D-63A3-4169-8D7F-9BD716E6BFFF}"
EndProject
Project("{FAE04EC0-301F-11D3-BF4B-00C04F79EFBC}") = "HallsCreekTheme", "src\Themes\HallsCreekTheme\HallsCreekTheme.csproj", "{0C1599E2-848C-44B6-8112-F9692015E363}"
EndProject
Project("{FAE04EC0-301F-11D3-BF4B-00C04F79EFBC}") = "OrchardCore.Commerce", "src\Modules\OrchardCore.Commerce\OrchardCore.Commerce.csproj", "{DD4F7001-0CA8-4E2A-AC46-7895E9025118}"
EndProject
Project("{FAE04EC0-301F-11D3-BF4B-00C04F79EFBC}") = "OrchardCore.Commerce.ContentFields", "src\Modules\OrchardCore.Commerce.ContentFields\OrchardCore.Commerce.ContentFields.csproj", "{E9547F6C-0737-4273-8F0C-1EEAA26FC863}"
EndProject
Project("{FAE04EC0-301F-11D3-BF4B-00C04F79EFBC}") = "OrchardCore.Commerce.Inventory", "src\Modules\OrchardCore.Commerce.Inventory\OrchardCore.Commerce.Inventory.csproj", "{C3A96069-9DE3-4F41-A7A6-B05F3CD2CB2C}"
EndProject
Project("{FAE04EC0-301F-11D3-BF4B-00C04F79EFBC}") = "OrchardCore.Commerce.Payment", "src\Modules\OrchardCore.Commerce.Payment\OrchardCore.Commerce.Payment.csproj", "{317D2122-3DC5-4310-9057-BD96DED2802B}"
EndProject
Project("{FAE04EC0-301F-11D3-BF4B-00C04F79EFBC}") = "OrchardCore.Commerce.Payment.Exactly", "src\Modules\OrchardCore.Commerce.Payment.Exactly\OrchardCore.Commerce.Payment.Exactly.csproj", "{D70A67CD-2EA3-4D6E-A916-55A87C404AC6}"
EndProject
Project("{FAE04EC0-301F-11D3-BF4B-00C04F79EFBC}") = "OrchardCore.Commerce.Payment.Stripe", "src\Modules\OrchardCore.Commerce.Payment.Stripe\OrchardCore.Commerce.Payment.Stripe.csproj", "{EFEE5152-05F3-4992-93C1-787E9386512D}"
EndProject
Project("{FAE04EC0-301F-11D3-BF4B-00C04F79EFBC}") = "OrchardCore.Commerce.Promotion", "src\Modules\OrchardCore.Commerce.Promotion\OrchardCore.Commerce.Promotion.csproj", "{7F4F3698-31B7-479B-BF2C-401FB38F4078}"
EndProject
Project("{FAE04EC0-301F-11D3-BF4B-00C04F79EFBC}") = "OrchardCore.Commerce.Tax", "src\Modules\OrchardCore.Commerce.Tax\OrchardCore.Commerce.Tax.csproj", "{C266A1AB-1CA0-4A3C-8C51-2F7809C9D51F}"
EndProject
Global
	GlobalSection(SolutionConfigurationPlatforms) = preSolution
		Debug|Any CPU = Debug|Any CPU
		Debug|x64 = Debug|x64
		Debug|x86 = Debug|x86
		Release|Any CPU = Release|Any CPU
		Release|x64 = Release|x64
		Release|x86 = Release|x86
	EndGlobalSection
	GlobalSection(ProjectConfigurationPlatforms) = postSolution
		{3B9FF4B0-D156-4BA2-964D-6A05F38DAEA5}.Debug|Any CPU.ActiveCfg = Debug|Any CPU
		{3B9FF4B0-D156-4BA2-964D-6A05F38DAEA5}.Debug|Any CPU.Build.0 = Debug|Any CPU
		{3B9FF4B0-D156-4BA2-964D-6A05F38DAEA5}.Debug|x64.ActiveCfg = Debug|Any CPU
		{3B9FF4B0-D156-4BA2-964D-6A05F38DAEA5}.Debug|x64.Build.0 = Debug|Any CPU
		{3B9FF4B0-D156-4BA2-964D-6A05F38DAEA5}.Debug|x86.ActiveCfg = Debug|Any CPU
		{3B9FF4B0-D156-4BA2-964D-6A05F38DAEA5}.Debug|x86.Build.0 = Debug|Any CPU
		{3B9FF4B0-D156-4BA2-964D-6A05F38DAEA5}.Release|Any CPU.ActiveCfg = Release|Any CPU
		{3B9FF4B0-D156-4BA2-964D-6A05F38DAEA5}.Release|Any CPU.Build.0 = Release|Any CPU
		{3B9FF4B0-D156-4BA2-964D-6A05F38DAEA5}.Release|x64.ActiveCfg = Release|Any CPU
		{3B9FF4B0-D156-4BA2-964D-6A05F38DAEA5}.Release|x64.Build.0 = Release|Any CPU
		{3B9FF4B0-D156-4BA2-964D-6A05F38DAEA5}.Release|x86.ActiveCfg = Release|Any CPU
		{3B9FF4B0-D156-4BA2-964D-6A05F38DAEA5}.Release|x86.Build.0 = Release|Any CPU
		{0C1599E2-848C-44B6-8112-F9692015E363}.Debug|Any CPU.ActiveCfg = Debug|Any CPU
		{0C1599E2-848C-44B6-8112-F9692015E363}.Debug|Any CPU.Build.0 = Debug|Any CPU
		{0C1599E2-848C-44B6-8112-F9692015E363}.Debug|x64.ActiveCfg = Debug|Any CPU
		{0C1599E2-848C-44B6-8112-F9692015E363}.Debug|x64.Build.0 = Debug|Any CPU
		{0C1599E2-848C-44B6-8112-F9692015E363}.Debug|x86.ActiveCfg = Debug|Any CPU
		{0C1599E2-848C-44B6-8112-F9692015E363}.Debug|x86.Build.0 = Debug|Any CPU
		{0C1599E2-848C-44B6-8112-F9692015E363}.Release|Any CPU.ActiveCfg = Release|Any CPU
		{0C1599E2-848C-44B6-8112-F9692015E363}.Release|Any CPU.Build.0 = Release|Any CPU
		{0C1599E2-848C-44B6-8112-F9692015E363}.Release|x64.ActiveCfg = Release|Any CPU
		{0C1599E2-848C-44B6-8112-F9692015E363}.Release|x64.Build.0 = Release|Any CPU
		{0C1599E2-848C-44B6-8112-F9692015E363}.Release|x86.ActiveCfg = Release|Any CPU
		{0C1599E2-848C-44B6-8112-F9692015E363}.Release|x86.Build.0 = Release|Any CPU
		{DD4F7001-0CA8-4E2A-AC46-7895E9025118}.Debug|Any CPU.ActiveCfg = Debug|Any CPU
		{DD4F7001-0CA8-4E2A-AC46-7895E9025118}.Debug|Any CPU.Build.0 = Debug|Any CPU
		{DD4F7001-0CA8-4E2A-AC46-7895E9025118}.Debug|x64.ActiveCfg = Debug|Any CPU
		{DD4F7001-0CA8-4E2A-AC46-7895E9025118}.Debug|x64.Build.0 = Debug|Any CPU
		{DD4F7001-0CA8-4E2A-AC46-7895E9025118}.Debug|x86.ActiveCfg = Debug|Any CPU
		{DD4F7001-0CA8-4E2A-AC46-7895E9025118}.Debug|x86.Build.0 = Debug|Any CPU
		{DD4F7001-0CA8-4E2A-AC46-7895E9025118}.Release|Any CPU.ActiveCfg = Release|Any CPU
		{DD4F7001-0CA8-4E2A-AC46-7895E9025118}.Release|Any CPU.Build.0 = Release|Any CPU
		{DD4F7001-0CA8-4E2A-AC46-7895E9025118}.Release|x64.ActiveCfg = Release|Any CPU
		{DD4F7001-0CA8-4E2A-AC46-7895E9025118}.Release|x64.Build.0 = Release|Any CPU
		{DD4F7001-0CA8-4E2A-AC46-7895E9025118}.Release|x86.ActiveCfg = Release|Any CPU
		{DD4F7001-0CA8-4E2A-AC46-7895E9025118}.Release|x86.Build.0 = Release|Any CPU
		{E9547F6C-0737-4273-8F0C-1EEAA26FC863}.Debug|Any CPU.ActiveCfg = Debug|Any CPU
		{E9547F6C-0737-4273-8F0C-1EEAA26FC863}.Debug|Any CPU.Build.0 = Debug|Any CPU
		{E9547F6C-0737-4273-8F0C-1EEAA26FC863}.Debug|x64.ActiveCfg = Debug|Any CPU
		{E9547F6C-0737-4273-8F0C-1EEAA26FC863}.Debug|x64.Build.0 = Debug|Any CPU
		{E9547F6C-0737-4273-8F0C-1EEAA26FC863}.Debug|x86.ActiveCfg = Debug|Any CPU
		{E9547F6C-0737-4273-8F0C-1EEAA26FC863}.Debug|x86.Build.0 = Debug|Any CPU
		{E9547F6C-0737-4273-8F0C-1EEAA26FC863}.Release|Any CPU.ActiveCfg = Release|Any CPU
		{E9547F6C-0737-4273-8F0C-1EEAA26FC863}.Release|Any CPU.Build.0 = Release|Any CPU
		{E9547F6C-0737-4273-8F0C-1EEAA26FC863}.Release|x64.ActiveCfg = Release|Any CPU
		{E9547F6C-0737-4273-8F0C-1EEAA26FC863}.Release|x64.Build.0 = Release|Any CPU
		{E9547F6C-0737-4273-8F0C-1EEAA26FC863}.Release|x86.ActiveCfg = Release|Any CPU
		{E9547F6C-0737-4273-8F0C-1EEAA26FC863}.Release|x86.Build.0 = Release|Any CPU
		{C3A96069-9DE3-4F41-A7A6-B05F3CD2CB2C}.Debug|Any CPU.ActiveCfg = Debug|Any CPU
		{C3A96069-9DE3-4F41-A7A6-B05F3CD2CB2C}.Debug|Any CPU.Build.0 = Debug|Any CPU
		{C3A96069-9DE3-4F41-A7A6-B05F3CD2CB2C}.Debug|x64.ActiveCfg = Debug|Any CPU
		{C3A96069-9DE3-4F41-A7A6-B05F3CD2CB2C}.Debug|x64.Build.0 = Debug|Any CPU
		{C3A96069-9DE3-4F41-A7A6-B05F3CD2CB2C}.Debug|x86.ActiveCfg = Debug|Any CPU
		{C3A96069-9DE3-4F41-A7A6-B05F3CD2CB2C}.Debug|x86.Build.0 = Debug|Any CPU
		{C3A96069-9DE3-4F41-A7A6-B05F3CD2CB2C}.Release|Any CPU.ActiveCfg = Release|Any CPU
		{C3A96069-9DE3-4F41-A7A6-B05F3CD2CB2C}.Release|Any CPU.Build.0 = Release|Any CPU
		{C3A96069-9DE3-4F41-A7A6-B05F3CD2CB2C}.Release|x64.ActiveCfg = Release|Any CPU
		{C3A96069-9DE3-4F41-A7A6-B05F3CD2CB2C}.Release|x64.Build.0 = Release|Any CPU
		{C3A96069-9DE3-4F41-A7A6-B05F3CD2CB2C}.Release|x86.ActiveCfg = Release|Any CPU
		{C3A96069-9DE3-4F41-A7A6-B05F3CD2CB2C}.Release|x86.Build.0 = Release|Any CPU
		{317D2122-3DC5-4310-9057-BD96DED2802B}.Debug|Any CPU.ActiveCfg = Debug|Any CPU
		{317D2122-3DC5-4310-9057-BD96DED2802B}.Debug|Any CPU.Build.0 = Debug|Any CPU
		{317D2122-3DC5-4310-9057-BD96DED2802B}.Debug|x64.ActiveCfg = Debug|Any CPU
		{317D2122-3DC5-4310-9057-BD96DED2802B}.Debug|x64.Build.0 = Debug|Any CPU
		{317D2122-3DC5-4310-9057-BD96DED2802B}.Debug|x86.ActiveCfg = Debug|Any CPU
		{317D2122-3DC5-4310-9057-BD96DED2802B}.Debug|x86.Build.0 = Debug|Any CPU
		{317D2122-3DC5-4310-9057-BD96DED2802B}.Release|Any CPU.ActiveCfg = Release|Any CPU
		{317D2122-3DC5-4310-9057-BD96DED2802B}.Release|Any CPU.Build.0 = Release|Any CPU
		{317D2122-3DC5-4310-9057-BD96DED2802B}.Release|x64.ActiveCfg = Release|Any CPU
		{317D2122-3DC5-4310-9057-BD96DED2802B}.Release|x64.Build.0 = Release|Any CPU
		{317D2122-3DC5-4310-9057-BD96DED2802B}.Release|x86.ActiveCfg = Release|Any CPU
		{317D2122-3DC5-4310-9057-BD96DED2802B}.Release|x86.Build.0 = Release|Any CPU
		{D70A67CD-2EA3-4D6E-A916-55A87C404AC6}.Debug|Any CPU.ActiveCfg = Debug|Any CPU
		{D70A67CD-2EA3-4D6E-A916-55A87C404AC6}.Debug|Any CPU.Build.0 = Debug|Any CPU
		{D70A67CD-2EA3-4D6E-A916-55A87C404AC6}.Debug|x64.ActiveCfg = Debug|Any CPU
		{D70A67CD-2EA3-4D6E-A916-55A87C404AC6}.Debug|x64.Build.0 = Debug|Any CPU
		{D70A67CD-2EA3-4D6E-A916-55A87C404AC6}.Debug|x86.ActiveCfg = Debug|Any CPU
		{D70A67CD-2EA3-4D6E-A916-55A87C404AC6}.Debug|x86.Build.0 = Debug|Any CPU
		{D70A67CD-2EA3-4D6E-A916-55A87C404AC6}.Release|Any CPU.ActiveCfg = Release|Any CPU
		{D70A67CD-2EA3-4D6E-A916-55A87C404AC6}.Release|Any CPU.Build.0 = Release|Any CPU
		{D70A67CD-2EA3-4D6E-A916-55A87C404AC6}.Release|x64.ActiveCfg = Release|Any CPU
		{D70A67CD-2EA3-4D6E-A916-55A87C404AC6}.Release|x64.Build.0 = Release|Any CPU
		{D70A67CD-2EA3-4D6E-A916-55A87C404AC6}.Release|x86.ActiveCfg = Release|Any CPU
		{D70A67CD-2EA3-4D6E-A916-55A87C404AC6}.Release|x86.Build.0 = Release|Any CPU
		{EFEE5152-05F3-4992-93C1-787E9386512D}.Debug|Any CPU.ActiveCfg = Debug|Any CPU
		{EFEE5152-05F3-4992-93C1-787E9386512D}.Debug|Any CPU.Build.0 = Debug|Any CPU
		{EFEE5152-05F3-4992-93C1-787E9386512D}.Debug|x64.ActiveCfg = Debug|Any CPU
		{EFEE5152-05F3-4992-93C1-787E9386512D}.Debug|x64.Build.0 = Debug|Any CPU
		{EFEE5152-05F3-4992-93C1-787E9386512D}.Debug|x86.ActiveCfg = Debug|Any CPU
		{EFEE5152-05F3-4992-93C1-787E9386512D}.Debug|x86.Build.0 = Debug|Any CPU
		{EFEE5152-05F3-4992-93C1-787E9386512D}.Release|Any CPU.ActiveCfg = Release|Any CPU
		{EFEE5152-05F3-4992-93C1-787E9386512D}.Release|Any CPU.Build.0 = Release|Any CPU
		{EFEE5152-05F3-4992-93C1-787E9386512D}.Release|x64.ActiveCfg = Release|Any CPU
		{EFEE5152-05F3-4992-93C1-787E9386512D}.Release|x64.Build.0 = Release|Any CPU
		{EFEE5152-05F3-4992-93C1-787E9386512D}.Release|x86.ActiveCfg = Release|Any CPU
		{EFEE5152-05F3-4992-93C1-787E9386512D}.Release|x86.Build.0 = Release|Any CPU
		{7F4F3698-31B7-479B-BF2C-401FB38F4078}.Debug|Any CPU.ActiveCfg = Debug|Any CPU
		{7F4F3698-31B7-479B-BF2C-401FB38F4078}.Debug|Any CPU.Build.0 = Debug|Any CPU
		{7F4F3698-31B7-479B-BF2C-401FB38F4078}.Debug|x64.ActiveCfg = Debug|Any CPU
		{7F4F3698-31B7-479B-BF2C-401FB38F4078}.Debug|x64.Build.0 = Debug|Any CPU
		{7F4F3698-31B7-479B-BF2C-401FB38F4078}.Debug|x86.ActiveCfg = Debug|Any CPU
		{7F4F3698-31B7-479B-BF2C-401FB38F4078}.Debug|x86.Build.0 = Debug|Any CPU
		{7F4F3698-31B7-479B-BF2C-401FB38F4078}.Release|Any CPU.ActiveCfg = Release|Any CPU
		{7F4F3698-31B7-479B-BF2C-401FB38F4078}.Release|Any CPU.Build.0 = Release|Any CPU
		{7F4F3698-31B7-479B-BF2C-401FB38F4078}.Release|x64.ActiveCfg = Release|Any CPU
		{7F4F3698-31B7-479B-BF2C-401FB38F4078}.Release|x64.Build.0 = Release|Any CPU
		{7F4F3698-31B7-479B-BF2C-401FB38F4078}.Release|x86.ActiveCfg = Release|Any CPU
		{7F4F3698-31B7-479B-BF2C-401FB38F4078}.Release|x86.Build.0 = Release|Any CPU
		{C266A1AB-1CA0-4A3C-8C51-2F7809C9D51F}.Debug|Any CPU.ActiveCfg = Debug|Any CPU
		{C266A1AB-1CA0-4A3C-8C51-2F7809C9D51F}.Debug|Any CPU.Build.0 = Debug|Any CPU
		{C266A1AB-1CA0-4A3C-8C51-2F7809C9D51F}.Debug|x64.ActiveCfg = Debug|Any CPU
		{C266A1AB-1CA0-4A3C-8C51-2F7809C9D51F}.Debug|x64.Build.0 = Debug|Any CPU
		{C266A1AB-1CA0-4A3C-8C51-2F7809C9D51F}.Debug|x86.ActiveCfg = Debug|Any CPU
		{C266A1AB-1CA0-4A3C-8C51-2F7809C9D51F}.Debug|x86.Build.0 = Debug|Any CPU
		{C266A1AB-1CA0-4A3C-8C51-2F7809C9D51F}.Release|Any CPU.ActiveCfg = Release|Any CPU
		{C266A1AB-1CA0-4A3C-8C51-2F7809C9D51F}.Release|Any CPU.Build.0 = Release|Any CPU
		{C266A1AB-1CA0-4A3C-8C51-2F7809C9D51F}.Release|x64.ActiveCfg = Release|Any CPU
		{C266A1AB-1CA0-4A3C-8C51-2F7809C9D51F}.Release|x64.Build.0 = Release|Any CPU
		{C266A1AB-1CA0-4A3C-8C51-2F7809C9D51F}.Release|x86.ActiveCfg = Release|Any CPU
		{C266A1AB-1CA0-4A3C-8C51-2F7809C9D51F}.Release|x86.Build.0 = Release|Any CPU
	EndGlobalSection
	GlobalSection(SolutionProperties) = preSolution
		HideSolutionNode = FALSE
	EndGlobalSection
	GlobalSection(NestedProjects) = preSolution
		{3B9FF4B0-D156-4BA2-964D-6A05F38DAEA5} = {35A4A72D-C5A4-4437-8D0B-CE1070C1B4EE}
		{627C5374-8F55-4205-9B7C-FDDC9952B381} = {35A4A72D-C5A4-4437-8D0B-CE1070C1B4EE}
		{FB438847-65E8-4364-B207-318C25ED95DA} = {35A4A72D-C5A4-4437-8D0B-CE1070C1B4EE}
		{3362783D-63A3-4169-8D7F-9BD716E6BFFF} = {35A4A72D-C5A4-4437-8D0B-CE1070C1B4EE}
		{0C1599E2-848C-44B6-8112-F9692015E363} = {FB438847-65E8-4364-B207-318C25ED95DA}
		{DD4F7001-0CA8-4E2A-AC46-7895E9025118} = {627C5374-8F55-4205-9B7C-FDDC9952B381}
		{E9547F6C-0737-4273-8F0C-1EEAA26FC863} = {627C5374-8F55-4205-9B7C-FDDC9952B381}
		{C3A96069-9DE3-4F41-A7A6-B05F3CD2CB2C} = {627C5374-8F55-4205-9B7C-FDDC9952B381}
		{317D2122-3DC5-4310-9057-BD96DED2802B} = {627C5374-8F55-4205-9B7C-FDDC9952B381}
		{D70A67CD-2EA3-4D6E-A916-55A87C404AC6} = {627C5374-8F55-4205-9B7C-FDDC9952B381}
		{EFEE5152-05F3-4992-93C1-787E9386512D} = {627C5374-8F55-4205-9B7C-FDDC9952B381}
		{7F4F3698-31B7-479B-BF2C-401FB38F4078} = {627C5374-8F55-4205-9B7C-FDDC9952B381}
		{C266A1AB-1CA0-4A3C-8C51-2F7809C9D51F} = {627C5374-8F55-4205-9B7C-FDDC9952B381}
	EndGlobalSection
	GlobalSection(ExtensibilityGlobals) = postSolution
		SolutionGuid = {949C329A-1B9E-4BC6-81D5-4E1BBB9552F5}
	EndGlobalSection
EndGlobal
