
Microsoft Visual Studio Solution File, Format Version 12.00
# Visual Studio Version 17
VisualStudioVersion = 17.0.31903.59
MinimumVisualStudioVersion = 10.0.40219.1
Project("{2150E333-8FDC-42A3-9474-1A3956D46DE8}") = "src", "src", "{35A4A72D-C5A4-4437-8D0B-CE1070C1B4EE}"
EndProject
Project("{9A19103F-16F7-4668-BE54-9A1E7A4F7556}") = "QuantumSolutions.Web", "src\QuantumSolutions.Web\QuantumSolutions.Web.csproj", "{3B9FF4B0-D156-4BA2-964D-6A05F38DAEA5}"
EndProject
Project("{2150E333-8FDC-42A3-9474-1A3956D46DE8}") = "Modules", "Modules", "{627C5374-8F55-4205-9B7C-FDDC9952B381}"
EndProject
Project("{2150E333-8FDC-42A3-9474-1A3956D46DE8}") = "Themes", "Themes", "{FB438847-65E8-4364-B207-318C25ED95DA}"
EndProject
Project("{2150E333-8FDC-42A3-9474-1A3956D46DE8}") = "Shared", "Shared", "{3362783D-63A3-4169-8D7F-9BD716E6BFFF}"
EndProject
Project("{2150E333-8FDC-42A3-9474-1A3956D46DE8}") = "Solution Items", "Solution Items", "{02EA681E-C7D8-13C7-8484-4AC65E1B71E8}"
	ProjectSection(SolutionItems) = preProject
		Directory.Packages.props = Directory.Packages.props
		NuGet.Config = NuGet.Config
	EndProjectSection
EndProject
Global
	GlobalSection(SolutionConfigurationPlatforms) = preSolution
		Debug|Any CPU = Debug|Any CPU
		Release|Any CPU = Release|Any CPU
	EndGlobalSection
	GlobalSection(ProjectConfigurationPlatforms) = postSolution
		{3B9FF4B0-D156-4BA2-964D-6A05F38DAEA5}.Debug|Any CPU.ActiveCfg = Debug|Any CPU
		{3B9FF4B0-D156-4BA2-964D-6A05F38DAEA5}.Debug|Any CPU.Build.0 = Debug|Any CPU
		{3B9FF4B0-D156-4BA2-964D-6A05F38DAEA5}.Release|Any CPU.ActiveCfg = Release|Any CPU
		{3B9FF4B0-D156-4BA2-964D-6A05F38DAEA5}.Release|Any CPU.Build.0 = Release|Any CPU
	EndGlobalSection
	GlobalSection(SolutionProperties) = preSolution
		HideSolutionNode = FALSE
	EndGlobalSection
	GlobalSection(NestedProjects) = preSolution
		{3B9FF4B0-D156-4BA2-964D-6A05F38DAEA5} = {35A4A72D-C5A4-4437-8D0B-CE1070C1B4EE}
		{627C5374-8F55-4205-9B7C-FDDC9952B381} = {35A4A72D-C5A4-4437-8D0B-CE1070C1B4EE}
		{FB438847-65E8-4364-B207-318C25ED95DA} = {35A4A72D-C5A4-4437-8D0B-CE1070C1B4EE}
		{3362783D-63A3-4169-8D7F-9BD716E6BFFF} = {35A4A72D-C5A4-4437-8D0B-CE1070C1B4EE}
	EndGlobalSection
	GlobalSection(ExtensibilityGlobals) = postSolution
		SolutionGuid = {949C329A-1B9E-4BC6-81D5-4E1BBB9552F5}
	EndGlobalSection
EndGlobal
